
Microsoft Visual Studio Solution File, Format Version 12.00
# Visual Studio Version 17
VisualStudioVersion = 17.5.2.0
MinimumVisualStudioVersion = 10.0.40219.1
Project("{FAE04EC0-301F-11D3-BF4B-00C04F79EFBC}") = "Domain", "Domain\Domain.csproj", "{DB212D81-08D8-4C58-BAC6-D1D0DC7FAC9C}"
EndProject
Project("{FAE04EC0-301F-11D3-BF4B-00C04F79EFBC}") = "Application", "Application\Application.csproj", "{5A706173-C069-4B60-B4AA-0A9E796DB5DF}"
EndProject
Project("{FAE04EC0-301F-11D3-BF4B-00C04F79EFBC}") = "DataModel", "DataModel\DataModel.csproj", "{5DF97567-1A66-4A0C-BD2B-58F001076172}"
EndProject
Project("{FAE04EC0-301F-11D3-BF4B-00C04F79EFBC}") = "WebApi", "WebApi\WebApi.csproj", "{87E11E32-0B09-4E15-A57F-EB0123132FA3}"
EndProject
Global
	GlobalSection(SolutionConfigurationPlatforms) = preSolution
		Debug|Any CPU = Debug|Any CPU
		Debug|x64 = Debug|x64
		Debug|x86 = Debug|x86
		Release|Any CPU = Release|Any CPU
		Release|x64 = Release|x64
		Release|x86 = Release|x86
	EndGlobalSection
	GlobalSection(ProjectConfigurationPlatforms) = postSolution
		{DB212D81-08D8-4C58-BAC6-D1D0DC7FAC9C}.Debug|Any CPU.ActiveCfg = Debug|Any CPU
		{DB212D81-08D8-4C58-BAC6-D1D0DC7FAC9C}.Debug|Any CPU.Build.0 = Debug|Any CPU
		{DB212D81-08D8-4C58-BAC6-D1D0DC7FAC9C}.Debug|x64.ActiveCfg = Debug|Any CPU
		{DB212D81-08D8-4C58-BAC6-D1D0DC7FAC9C}.Debug|x64.Build.0 = Debug|Any CPU
		{DB212D81-08D8-4C58-BAC6-D1D0DC7FAC9C}.Debug|x86.ActiveCfg = Debug|Any CPU
		{DB212D81-08D8-4C58-BAC6-D1D0DC7FAC9C}.Debug|x86.Build.0 = Debug|Any CPU
		{DB212D81-08D8-4C58-BAC6-D1D0DC7FAC9C}.Release|Any CPU.ActiveCfg = Release|Any CPU
		{DB212D81-08D8-4C58-BAC6-D1D0DC7FAC9C}.Release|Any CPU.Build.0 = Release|Any CPU
		{DB212D81-08D8-4C58-BAC6-D1D0DC7FAC9C}.Release|x64.ActiveCfg = Release|Any CPU
		{DB212D81-08D8-4C58-BAC6-D1D0DC7FAC9C}.Release|x64.Build.0 = Release|Any CPU
		{DB212D81-08D8-4C58-BAC6-D1D0DC7FAC9C}.Release|x86.ActiveCfg = Release|Any CPU
		{DB212D81-08D8-4C58-BAC6-D1D0DC7FAC9C}.Release|x86.Build.0 = Release|Any CPU
		{5A706173-C069-4B60-B4AA-0A9E796DB5DF}.Debug|Any CPU.ActiveCfg = Debug|Any CPU
		{5A706173-C069-4B60-B4AA-0A9E796DB5DF}.Debug|Any CPU.Build.0 = Debug|Any CPU
		{5A706173-C069-4B60-B4AA-0A9E796DB5DF}.Debug|x64.ActiveCfg = Debug|Any CPU
		{5A706173-C069-4B60-B4AA-0A9E796DB5DF}.Debug|x64.Build.0 = Debug|Any CPU
		{5A706173-C069-4B60-B4AA-0A9E796DB5DF}.Debug|x86.ActiveCfg = Debug|Any CPU
		{5A706173-C069-4B60-B4AA-0A9E796DB5DF}.Debug|x86.Build.0 = Debug|Any CPU
		{5A706173-C069-4B60-B4AA-0A9E796DB5DF}.Release|Any CPU.ActiveCfg = Release|Any CPU
		{5A706173-C069-4B60-B4AA-0A9E796DB5DF}.Release|Any CPU.Build.0 = Release|Any CPU
		{5A706173-C069-4B60-B4AA-0A9E796DB5DF}.Release|x64.ActiveCfg = Release|Any CPU
		{5A706173-C069-4B60-B4AA-0A9E796DB5DF}.Release|x64.Build.0 = Release|Any CPU
		{5A706173-C069-4B60-B4AA-0A9E796DB5DF}.Release|x86.ActiveCfg = Release|Any CPU
		{5A706173-C069-4B60-B4AA-0A9E796DB5DF}.Release|x86.Build.0 = Release|Any CPU
		{5DF97567-1A66-4A0C-BD2B-58F001076172}.Debug|Any CPU.ActiveCfg = Debug|Any CPU
		{5DF97567-1A66-4A0C-BD2B-58F001076172}.Debug|Any CPU.Build.0 = Debug|Any CPU
		{5DF97567-1A66-4A0C-BD2B-58F001076172}.Debug|x64.ActiveCfg = Debug|Any CPU
		{5DF97567-1A66-4A0C-BD2B-58F001076172}.Debug|x64.Build.0 = Debug|Any CPU
		{5DF97567-1A66-4A0C-BD2B-58F001076172}.Debug|x86.ActiveCfg = Debug|Any CPU
		{5DF97567-1A66-4A0C-BD2B-58F001076172}.Debug|x86.Build.0 = Debug|Any CPU
		{5DF97567-1A66-4A0C-BD2B-58F001076172}.Release|Any CPU.ActiveCfg = Release|Any CPU
		{5DF97567-1A66-4A0C-BD2B-58F001076172}.Release|Any CPU.Build.0 = Release|Any CPU
		{5DF97567-1A66-4A0C-BD2B-58F001076172}.Release|x64.ActiveCfg = Release|Any CPU
		{5DF97567-1A66-4A0C-BD2B-58F001076172}.Release|x64.Build.0 = Release|Any CPU
		{5DF97567-1A66-4A0C-BD2B-58F001076172}.Release|x86.ActiveCfg = Release|Any CPU
		{5DF97567-1A66-4A0C-BD2B-58F001076172}.Release|x86.Build.0 = Release|Any CPU
		{87E11E32-0B09-4E15-A57F-EB0123132FA3}.Debug|Any CPU.ActiveCfg = Debug|Any CPU
		{87E11E32-0B09-4E15-A57F-EB0123132FA3}.Debug|Any CPU.Build.0 = Debug|Any CPU
		{87E11E32-0B09-4E15-A57F-EB0123132FA3}.Debug|x64.ActiveCfg = Debug|Any CPU
		{87E11E32-0B09-4E15-A57F-EB0123132FA3}.Debug|x64.Build.0 = Debug|Any CPU
		{87E11E32-0B09-4E15-A57F-EB0123132FA3}.Debug|x86.ActiveCfg = Debug|Any CPU
		{87E11E32-0B09-4E15-A57F-EB0123132FA3}.Debug|x86.Build.0 = Debug|Any CPU
		{87E11E32-0B09-4E15-A57F-EB0123132FA3}.Release|Any CPU.ActiveCfg = Release|Any CPU
		{87E11E32-0B09-4E15-A57F-EB0123132FA3}.Release|Any CPU.Build.0 = Release|Any CPU
		{87E11E32-0B09-4E15-A57F-EB0123132FA3}.Release|x64.ActiveCfg = Release|Any CPU
		{87E11E32-0B09-4E15-A57F-EB0123132FA3}.Release|x64.Build.0 = Release|Any CPU
		{87E11E32-0B09-4E15-A57F-EB0123132FA3}.Release|x86.ActiveCfg = Release|Any CPU
		{87E11E32-0B09-4E15-A57F-EB0123132FA3}.Release|x86.Build.0 = Release|Any CPU
	EndGlobalSection
	GlobalSection(SolutionProperties) = preSolution
		HideSolutionNode = FALSE
	EndGlobalSection
	GlobalSection(ExtensibilityGlobals) = postSolution
		SolutionGuid = {075F6F93-3AD3-4A8A-A46B-58BCBA5BE3B3}
	EndGlobalSection
EndGlobal
